{
  "nodes": {
    "nixpkgs": {
      "locked": {
        "lastModified": 1781074563,
        "narHash": "sha256-md8WlXOlfnIeHeOScMTTHFyf2d6iaTwPl2apR5EQ3P4=",
        "owner": "NixOS",
        "repo": "nixpkgs",
        "rev": "9ae611a455b90cf061d8f332b977e387bda8e1ca",
        "type": "github"
      },
      "original": {
        "owner": "NixOS",
        "ref": "nixos-unstable",
        "repo": "nixpkgs",
        "type": "github"
      }
    },
    "ron": {
      "flake": false,
      "locked": {
        "lastModified": 1781316974,
        "narHash": "sha256-GZRoMEN1hedJX0umIKj3wJiKsLIhbDHngQRfiMQ4yJA=",
        "owner": "starfederation",
        "repo": "ron",
        "rev": "10bf97a8e251ed1515882236333e2e415544ab98",
        "type": "github"
      },
      "original": {
        "owner": "starfederation",
        "repo": "ron",
        "type": "github"
      }
    },
    "root": {
      "inputs": {
        "nixpkgs": "nixpkgs",
        "ron": "ron"
      }
    }
  },
  "root": "root",
  "version": 7
}
