{
  "nodes": {
    "nixpkgs": {
      "locked": {
        "lastModified": 1781074563,
        "narHash": "sha256-md8WlXOlfnIeHeOScMTTHFyf2d6iaTwPl2apR5EQ3P4=",
        "owner": "NixOS",
        "repo": "nixpkgs",
        "rev": "9ae611a455b90cf061d8f332b977e387bda8e1ca",
        "type": "github"
      },
      "original": {
        "owner": "NixOS",
        "ref": "nixos-unstable",
        "repo": "nixpkgs",
        "type": "github"
      }
    },
    "ron": {
      "flake": false,
      "locked": {
        "lastModified": 1781457033,
        "narHash": "sha256-OGcxqiqNK6HwTme9itq8n/qpsBKO3p9EvHZowJ17hfE=",
        "owner": "starfederation",
        "repo": "ron",
        "rev": "d60cd038b22757faacd8a560195b3e5271d6a78b",
        "type": "github"
      },
      "original": {
        "owner": "starfederation",
        "repo": "ron",
        "type": "github"
      }
    },
    "root": {
      "inputs": {
        "nixpkgs": "nixpkgs",
        "ron": "ron"
      }
    }
  },
  "root": "root",
  "version": 7
}
