{
  "nodes": {
    "nixpkgs": {
      "locked": {
        "lastModified": 1781074563,
        "narHash": "sha256-md8WlXOlfnIeHeOScMTTHFyf2d6iaTwPl2apR5EQ3P4=",
        "owner": "NixOS",
        "repo": "nixpkgs",
        "rev": "9ae611a455b90cf061d8f332b977e387bda8e1ca",
        "type": "github"
      },
      "original": {
        "owner": "NixOS",
        "ref": "nixos-unstable",
        "repo": "nixpkgs",
        "type": "github"
      }
    },
    "ron": {
      "flake": false,
      "locked": {
        "lastModified": 1782411648,
        "narHash": "sha256-2YyDgTYSV4LwBOmOeJFHScqSvSphyMcGvDepyeIIuZk=",
        "owner": "starfederation",
        "repo": "ron",
        "rev": "88c70ef09981b1c73d10f8a8710109f04eaa2c49",
        "type": "github"
      },
      "original": {
        "owner": "starfederation",
        "repo": "ron",
        "type": "github"
      }
    },
    "root": {
      "inputs": {
        "nixpkgs": "nixpkgs",
        "ron": "ron"
      }
    }
  },
  "root": "root",
  "version": 7
}
